
Microsoft Visual Studio Solution File, Format Version 12.00
# Visual Studio 15
VisualStudioVersion = 15.0.26206.0
MinimumVisualStudioVersion = 10.0.40219.1
Project("{FAE04EC0-301F-11D3-BF4B-00C04F79EFBC}") = "VisualStudioShell", "VisualStudioShell\VisualStudioShell.csproj", "{93B47051-1900-4376-8AAF-B8F11CDC68F5}"
EndProject
Project("{FAE04EC0-301F-11D3-BF4B-00C04F79EFBC}") = "VisualStudioShell.Controls", "VisualStudioShell.Controls\VisualStudioShell.Controls.csproj", "{A4CB1F68-5C63-4D6F-9066-6501407C5D3B}"
EndProject
Project("{8BC9CEB8-8B4A-11D0-8D11-00A0C91BC942}") = "TreeViewControl", "TreeViewControl\TreeViewControl.vcxproj", "{94560D69-A345-4E44-B897-EAA2B0E23238}"
EndProject
Project("{2150E333-8FDC-42A3-9474-1A3956D46DE8}") = "App", "App", "{6E70D3F1-D05D-4BDC-8A52-B32B16692293}"
EndProject
Project("{2150E333-8FDC-42A3-9474-1A3956D46DE8}") = "Controls", "Controls", "{BBE3A0C5-9276-4308-A6F1-96809857515E}"
EndProject
Global
	GlobalSection(SolutionConfigurationPlatforms) = preSolution
		Debug|Any CPU = Debug|Any CPU
		Debug|ARM = Debug|ARM
		Debug|x64 = Debug|x64
		Debug|x86 = Debug|x86
		Release|Any CPU = Release|Any CPU
		Release|ARM = Release|ARM
		Release|x64 = Release|x64
		Release|x86 = Release|x86
	EndGlobalSection
	GlobalSection(ProjectConfigurationPlatforms) = postSolution
		{93B47051-1900-4376-8AAF-B8F11CDC68F5}.Debug|Any CPU.ActiveCfg = Debug|x86
		{93B47051-1900-4376-8AAF-B8F11CDC68F5}.Debug|ARM.ActiveCfg = Debug|ARM
		{93B47051-1900-4376-8AAF-B8F11CDC68F5}.Debug|ARM.Build.0 = Debug|ARM
		{93B47051-1900-4376-8AAF-B8F11CDC68F5}.Debug|ARM.Deploy.0 = Debug|ARM
		{93B47051-1900-4376-8AAF-B8F11CDC68F5}.Debug|x64.ActiveCfg = Debug|x64
		{93B47051-1900-4376-8AAF-B8F11CDC68F5}.Debug|x64.Build.0 = Debug|x64
		{93B47051-1900-4376-8AAF-B8F11CDC68F5}.Debug|x64.Deploy.0 = Debug|x64
		{93B47051-1900-4376-8AAF-B8F11CDC68F5}.Debug|x86.ActiveCfg = Debug|x86
		{93B47051-1900-4376-8AAF-B8F11CDC68F5}.Debug|x86.Build.0 = Debug|x86
		{93B47051-1900-4376-8AAF-B8F11CDC68F5}.Debug|x86.Deploy.0 = Debug|x86
		{93B47051-1900-4376-8AAF-B8F11CDC68F5}.Release|Any CPU.ActiveCfg = Release|x86
		{93B47051-1900-4376-8AAF-B8F11CDC68F5}.Release|ARM.ActiveCfg = Release|ARM
		{93B47051-1900-4376-8AAF-B8F11CDC68F5}.Release|ARM.Build.0 = Release|ARM
		{93B47051-1900-4376-8AAF-B8F11CDC68F5}.Release|ARM.Deploy.0 = Release|ARM
		{93B47051-1900-4376-8AAF-B8F11CDC68F5}.Release|x64.ActiveCfg = Release|x64
		{93B47051-1900-4376-8AAF-B8F11CDC68F5}.Release|x64.Build.0 = Release|x64
		{93B47051-1900-4376-8AAF-B8F11CDC68F5}.Release|x64.Deploy.0 = Release|x64
		{93B47051-1900-4376-8AAF-B8F11CDC68F5}.Release|x86.ActiveCfg = Release|x86
		{93B47051-1900-4376-8AAF-B8F11CDC68F5}.Release|x86.Build.0 = Release|x86
		{93B47051-1900-4376-8AAF-B8F11CDC68F5}.Release|x86.Deploy.0 = Release|x86
		{A4CB1F68-5C63-4D6F-9066-6501407C5D3B}.Debug|Any CPU.ActiveCfg = Debug|Any CPU
		{A4CB1F68-5C63-4D6F-9066-6501407C5D3B}.Debug|Any CPU.Build.0 = Debug|Any CPU
		{A4CB1F68-5C63-4D6F-9066-6501407C5D3B}.Debug|ARM.ActiveCfg = Debug|ARM
		{A4CB1F68-5C63-4D6F-9066-6501407C5D3B}.Debug|ARM.Build.0 = Debug|ARM
		{A4CB1F68-5C63-4D6F-9066-6501407C5D3B}.Debug|x64.ActiveCfg = Debug|x64
		{A4CB1F68-5C63-4D6F-9066-6501407C5D3B}.Debug|x64.Build.0 = Debug|x64
		{A4CB1F68-5C63-4D6F-9066-6501407C5D3B}.Debug|x86.ActiveCfg = Debug|x86
		{A4CB1F68-5C63-4D6F-9066-6501407C5D3B}.Debug|x86.Build.0 = Debug|x86
		{A4CB1F68-5C63-4D6F-9066-6501407C5D3B}.Release|Any CPU.ActiveCfg = Release|Any CPU
		{A4CB1F68-5C63-4D6F-9066-6501407C5D3B}.Release|Any CPU.Build.0 = Release|Any CPU
		{A4CB1F68-5C63-4D6F-9066-6501407C5D3B}.Release|ARM.ActiveCfg = Release|ARM
		{A4CB1F68-5C63-4D6F-9066-6501407C5D3B}.Release|ARM.Build.0 = Release|ARM
		{A4CB1F68-5C63-4D6F-9066-6501407C5D3B}.Release|x64.ActiveCfg = Release|x64
		{A4CB1F68-5C63-4D6F-9066-6501407C5D3B}.Release|x64.Build.0 = Release|x64
		{A4CB1F68-5C63-4D6F-9066-6501407C5D3B}.Release|x86.ActiveCfg = Release|x86
		{A4CB1F68-5C63-4D6F-9066-6501407C5D3B}.Release|x86.Build.0 = Release|x86
		{94560D69-A345-4E44-B897-EAA2B0E23238}.Debug|Any CPU.ActiveCfg = Debug|Win32
		{94560D69-A345-4E44-B897-EAA2B0E23238}.Debug|ARM.ActiveCfg = Debug|ARM
		{94560D69-A345-4E44-B897-EAA2B0E23238}.Debug|ARM.Build.0 = Debug|ARM
		{94560D69-A345-4E44-B897-EAA2B0E23238}.Debug|x64.ActiveCfg = Debug|x64
		{94560D69-A345-4E44-B897-EAA2B0E23238}.Debug|x64.Build.0 = Debug|x64
		{94560D69-A345-4E44-B897-EAA2B0E23238}.Debug|x86.ActiveCfg = Debug|Win32
		{94560D69-A345-4E44-B897-EAA2B0E23238}.Debug|x86.Build.0 = Debug|Win32
		{94560D69-A345-4E44-B897-EAA2B0E23238}.Release|Any CPU.ActiveCfg = Release|Win32
		{94560D69-A345-4E44-B897-EAA2B0E23238}.Release|ARM.ActiveCfg = Release|ARM
		{94560D69-A345-4E44-B897-EAA2B0E23238}.Release|ARM.Build.0 = Release|ARM
		{94560D69-A345-4E44-B897-EAA2B0E23238}.Release|x64.ActiveCfg = Release|x64
		{94560D69-A345-4E44-B897-EAA2B0E23238}.Release|x64.Build.0 = Release|x64
		{94560D69-A345-4E44-B897-EAA2B0E23238}.Release|x86.ActiveCfg = Release|Win32
		{94560D69-A345-4E44-B897-EAA2B0E23238}.Release|x86.Build.0 = Release|Win32
	EndGlobalSection
	GlobalSection(SolutionProperties) = preSolution
		HideSolutionNode = FALSE
	EndGlobalSection
	GlobalSection(NestedProjects) = preSolution
		{93B47051-1900-4376-8AAF-B8F11CDC68F5} = {6E70D3F1-D05D-4BDC-8A52-B32B16692293}
		{A4CB1F68-5C63-4D6F-9066-6501407C5D3B} = {BBE3A0C5-9276-4308-A6F1-96809857515E}
		{94560D69-A345-4E44-B897-EAA2B0E23238} = {BBE3A0C5-9276-4308-A6F1-96809857515E}
	EndGlobalSection
EndGlobal
