
Microsoft Visual Studio Solution File, Format Version 12.00
# Visual Studio 15
VisualStudioVersion = 15.0.26206.0
MinimumVisualStudioVersion = 10.0.40219.1
Project("{FAE04EC0-301F-11D3-BF4B-00C04F79EFBC}") = "VisualStudioShell", "VisualStudioShell\VisualStudioShell.csproj", "{93B47051-1900-4376-8AAF-B8F11CDC68F5}"
EndProject
Project("{FAE04EC0-301F-11D3-BF4B-00C04F79EFBC}") = "VisualStudioShell.Controls", "VisualStudioShell.Controls\VisualStudioShell.Controls.csproj", "{A4CB1F68-5C63-4D6F-9066-6501407C5D3B}"
EndProject
Global
	GlobalSection(SolutionConfigurationPlatforms) = preSolution
		Debug|Any CPU = Debug|Any CPU
		Debug|ARM = Debug|ARM
		Debug|x64 = Debug|x64
		Debug|x86 = Debug|x86
		Release|Any CPU = Release|Any CPU
		Release|ARM = Release|ARM
		Release|x64 = Release|x64
		Release|x86 = Release|x86
	EndGlobalSection
	GlobalSection(ProjectConfigurationPlatforms) = postSolution
		{93B47051-1900-4376-8AAF-B8F11CDC68F5}.Debug|Any CPU.ActiveCfg = Debug|x86
		{93B47051-1900-4376-8AAF-B8F11CDC68F5}.Debug|ARM.ActiveCfg = Debug|ARM
		{93B47051-1900-4376-8AAF-B8F11CDC68F5}.Debug|ARM.Build.0 = Debug|ARM
		{93B47051-1900-4376-8AAF-B8F11CDC68F5}.Debug|ARM.Deploy.0 = Debug|ARM
		{93B47051-1900-4376-8AAF-B8F11CDC68F5}.Debug|x64.ActiveCfg = Debug|x64
		{93B47051-1900-4376-8AAF-B8F11CDC68F5}.Debug|x64.Build.0 = Debug|x64
		{93B47051-1900-4376-8AAF-B8F11CDC68F5}.Debug|x64.Deploy.0 = Debug|x64
		{93B47051-1900-4376-8AAF-B8F11CDC68F5}.Debug|x86.ActiveCfg = Debug|x86
		{93B47051-1900-4376-8AAF-B8F11CDC68F5}.Debug|x86.Build.0 = Debug|x86
		{93B47051-1900-4376-8AAF-B8F11CDC68F5}.Debug|x86.Deploy.0 = Debug|x86
		{93B47051-1900-4376-8AAF-B8F11CDC68F5}.Release|Any CPU.ActiveCfg = Release|x86
		{93B47051-1900-4376-8AAF-B8F11CDC68F5}.Release|ARM.ActiveCfg = Release|ARM
		{93B47051-1900-4376-8AAF-B8F11CDC68F5}.Release|ARM.Build.0 = Release|ARM
		{93B47051-1900-4376-8AAF-B8F11CDC68F5}.Release|ARM.Deploy.0 = Release|ARM
		{93B47051-1900-4376-8AAF-B8F11CDC68F5}.Release|x64.ActiveCfg = Release|x64
		{93B47051-1900-4376-8AAF-B8F11CDC68F5}.Release|x64.Build.0 = Release|x64
		{93B47051-1900-4376-8AAF-B8F11CDC68F5}.Release|x64.Deploy.0 = Release|x64
		{93B47051-1900-4376-8AAF-B8F11CDC68F5}.Release|x86.ActiveCfg = Release|x86
		{93B47051-1900-4376-8AAF-B8F11CDC68F5}.Release|x86.Build.0 = Release|x86
		{93B47051-1900-4376-8AAF-B8F11CDC68F5}.Release|x86.Deploy.0 = Release|x86
		{A4CB1F68-5C63-4D6F-9066-6501407C5D3B}.Debug|Any CPU.ActiveCfg = Debug|Any CPU
		{A4CB1F68-5C63-4D6F-9066-6501407C5D3B}.Debug|Any CPU.Build.0 = Debug|Any CPU
		{A4CB1F68-5C63-4D6F-9066-6501407C5D3B}.Debug|ARM.ActiveCfg = Debug|ARM
		{A4CB1F68-5C63-4D6F-9066-6501407C5D3B}.Debug|ARM.Build.0 = Debug|ARM
		{A4CB1F68-5C63-4D6F-9066-6501407C5D3B}.Debug|x64.ActiveCfg = Debug|x64
		{A4CB1F68-5C63-4D6F-9066-6501407C5D3B}.Debug|x64.Build.0 = Debug|x64
		{A4CB1F68-5C63-4D6F-9066-6501407C5D3B}.Debug|x86.ActiveCfg = Debug|x86
		{A4CB1F68-5C63-4D6F-9066-6501407C5D3B}.Debug|x86.Build.0 = Debug|x86
		{A4CB1F68-5C63-4D6F-9066-6501407C5D3B}.Release|Any CPU.ActiveCfg = Release|Any CPU
		{A4CB1F68-5C63-4D6F-9066-6501407C5D3B}.Release|Any CPU.Build.0 = Release|Any CPU
		{A4CB1F68-5C63-4D6F-9066-6501407C5D3B}.Release|ARM.ActiveCfg = Release|ARM
		{A4CB1F68-5C63-4D6F-9066-6501407C5D3B}.Release|ARM.Build.0 = Release|ARM
		{A4CB1F68-5C63-4D6F-9066-6501407C5D3B}.Release|x64.ActiveCfg = Release|x64
		{A4CB1F68-5C63-4D6F-9066-6501407C5D3B}.Release|x64.Build.0 = Release|x64
		{A4CB1F68-5C63-4D6F-9066-6501407C5D3B}.Release|x86.ActiveCfg = Release|x86
		{A4CB1F68-5C63-4D6F-9066-6501407C5D3B}.Release|x86.Build.0 = Release|x86
	EndGlobalSection
	GlobalSection(SolutionProperties) = preSolution
		HideSolutionNode = FALSE
	EndGlobalSection
EndGlobal
